
Microsoft Visual Studio Solution File, Format Version 12.00
# Visual Studio Version 17
VisualStudioVersion = 17.8.34525.116
MinimumVisualStudioVersion = 10.0.40219.1
Project("{FAE04EC0-301F-11D3-BF4B-00C04F79EFBC}") = "backend", "backend\backend.csproj", "{605967AF-0078-4EAA-A45E-954420C00516}"
EndProject
Global
	GlobalSection(SolutionConfigurationPlatforms) = preSolution
		Debug|Any CPU = Debug|Any CPU
		Release|Any CPU = Release|Any CPU
	EndGlobalSection
	GlobalSection(ProjectConfigurationPlatforms) = postSolution
		{605967AF-0078-4EAA-A45E-954420C00516}.Debug|Any CPU.ActiveCfg = Debug|Any CPU
		{605967AF-0078-4EAA-A45E-954420C00516}.Debug|Any CPU.Build.0 = Debug|Any CPU
		{605967AF-0078-4EAA-A45E-954420C00516}.Release|Any CPU.ActiveCfg = Release|Any CPU
		{605967AF-0078-4EAA-A45E-954420C00516}.Release|Any CPU.Build.0 = Release|Any CPU
	EndGlobalSection
	GlobalSection(SolutionProperties) = preSolution
		HideSolutionNode = FALSE
	EndGlobalSection
	GlobalSection(ExtensibilityGlobals) = postSolution
		SolutionGuid = {54716E3C-03CE-4782-8F37-EF7C2EA31C86}
	EndGlobalSection
EndGlobal
